
Microsoft Visual Studio Solution File, Format Version 12.00
# Visual Studio 15
VisualStudioVersion = 15.0.27703.2035
MinimumVisualStudioVersion = 10.0.40219.1
Project("{FAE04EC0-301F-11D3-BF4B-00C04F79EFBC}") = "AddEmployes", "AddEmployes\AddEmployes.csproj", "{38E344EF-A7BC-48C8-BF71-6380620A07DA}"
EndProject
Global
	GlobalSection(SolutionConfigurationPlatforms) = preSolution
		Debug|Any CPU = Debug|Any CPU
		Release|Any CPU = Release|Any CPU
	EndGlobalSection
	GlobalSection(ProjectConfigurationPlatforms) = postSolution
		{38E344EF-A7BC-48C8-BF71-6380620A07DA}.Debug|Any CPU.ActiveCfg = Debug|Any CPU
		{38E344EF-A7BC-48C8-BF71-6380620A07DA}.Debug|Any CPU.Build.0 = Debug|Any CPU
		{38E344EF-A7BC-48C8-BF71-6380620A07DA}.Release|Any CPU.ActiveCfg = Release|Any CPU
		{38E344EF-A7BC-48C8-BF71-6380620A07DA}.Release|Any CPU.Build.0 = Release|Any CPU
	EndGlobalSection
	GlobalSection(SolutionProperties) = preSolution
		HideSolutionNode = FALSE
	EndGlobalSection
	GlobalSection(ExtensibilityGlobals) = postSolution
		SolutionGuid = {E9980093-715D-4951-B731-33F4DAE71B0F}
	EndGlobalSection
EndGlobal
